// !$*UTF8*$!
{
	archiveVersion = 1;
	classes = {
	};
	objectVersion = 55;
	objects = {

/* Begin PBXBuildFile section */
		573B9A072901F9B000F3B5E9 /* TouchdownApp.swift in Sources */ = {isa = PBXBuildFile; fileRef = 573B9A062901F9B000F3B5E9 /* TouchdownApp.swift */; };
		573B9A092901F9B000F3B5E9 /* ContentView.swift in Sources */ = {isa = PBXBuildFile; fileRef = 573B9A082901F9B000F3B5E9 /* ContentView.swift */; };
		573B9A0B2901F9B300F3B5E9 /* Assets.xcassets in Resources */ = {isa = PBXBuildFile; fileRef = 573B9A0A2901F9B300F3B5E9 /* Assets.xcassets */; };
		573B9A0E2901F9B300F3B5E9 /* Preview Assets.xcassets in Resources */ = {isa = PBXBuildFile; fileRef = 573B9A0D2901F9B300F3B5E9 /* Preview Assets.xcassets */; };
		573B9A182901FA4A00F3B5E9 /* category.json in Resources */ = {isa = PBXBuildFile; fileRef = 573B9A142901FA4A00F3B5E9 /* category.json */; };
		573B9A192901FA4A00F3B5E9 /* player.json in Resources */ = {isa = PBXBuildFile; fileRef = 573B9A152901FA4A00F3B5E9 /* player.json */; };
		573B9A1A2901FA4A00F3B5E9 /* brand.json in Resources */ = {isa = PBXBuildFile; fileRef = 573B9A162901FA4A00F3B5E9 /* brand.json */; };
		573B9A1B2901FA4A00F3B5E9 /* product.json in Resources */ = {isa = PBXBuildFile; fileRef = 573B9A172901FA4A00F3B5E9 /* product.json */; };
		573B9A262901FB3200F3B5E9 /* Constant.swift in Sources */ = {isa = PBXBuildFile; fileRef = 573B9A252901FB3200F3B5E9 /* Constant.swift */; };
		573B9A282901FBD300F3B5E9 /* FooterView.swift in Sources */ = {isa = PBXBuildFile; fileRef = 573B9A272901FBD300F3B5E9 /* FooterView.swift */; };
		573B9A2A2901FDD900F3B5E9 /* NavigationBarView.swift in Sources */ = {isa = PBXBuildFile; fileRef = 573B9A292901FDD900F3B5E9 /* NavigationBarView.swift */; };
		573B9A2C2901FF0F00F3B5E9 /* LogoView.swift in Sources */ = {isa = PBXBuildFile; fileRef = 573B9A2B2901FF0F00F3B5E9 /* LogoView.swift */; };
		573B9A2E2902022A00F3B5E9 /* UIApplication+Extension.swift in Sources */ = {isa = PBXBuildFile; fileRef = 573B9A2D2902022A00F3B5E9 /* UIApplication+Extension.swift */; };
		573B9A302902047600F3B5E9 /* PlayerModel.swift in Sources */ = {isa = PBXBuildFile; fileRef = 573B9A2F2902047600F3B5E9 /* PlayerModel.swift */; };
		573B9A32290204AA00F3B5E9 /* CodableBundleExtension.swift in Sources */ = {isa = PBXBuildFile; fileRef = 573B9A31290204AA00F3B5E9 /* CodableBundleExtension.swift */; };
		573B9A34290205A900F3B5E9 /* FeatureItemView.swift in Sources */ = {isa = PBXBuildFile; fileRef = 573B9A33290205A900F3B5E9 /* FeatureItemView.swift */; };
		573B9A362902060600F3B5E9 /* FeatureTabView.swift in Sources */ = {isa = PBXBuildFile; fileRef = 573B9A352902060600F3B5E9 /* FeatureTabView.swift */; };
		573B9A382902091100F3B5E9 /* CategoryModel.swift in Sources */ = {isa = PBXBuildFile; fileRef = 573B9A372902091100F3B5E9 /* CategoryModel.swift */; };
		573B9A3A290209D000F3B5E9 /* CategoryItemView.swift in Sources */ = {isa = PBXBuildFile; fileRef = 573B9A39290209D000F3B5E9 /* CategoryItemView.swift */; };
		573B9A3C29020B0100F3B5E9 /* CategoryGridView.swift in Sources */ = {isa = PBXBuildFile; fileRef = 573B9A3B29020B0100F3B5E9 /* CategoryGridView.swift */; };
		573B9A3E29020BDE00F3B5E9 /* SectionView.swift in Sources */ = {isa = PBXBuildFile; fileRef = 573B9A3D29020BDE00F3B5E9 /* SectionView.swift */; };
		573B9A4029020D4000F3B5E9 /* TitleView.swift in Sources */ = {isa = PBXBuildFile; fileRef = 573B9A3F29020D4000F3B5E9 /* TitleView.swift */; };
		573B9A4229020E1100F3B5E9 /* ProductModel.swift in Sources */ = {isa = PBXBuildFile; fileRef = 573B9A4129020E1100F3B5E9 /* ProductModel.swift */; };
		573B9A4429020E7100F3B5E9 /* ProductItemView.swift in Sources */ = {isa = PBXBuildFile; fileRef = 573B9A4329020E7100F3B5E9 /* ProductItemView.swift */; };
		573B9A46290210D900F3B5E9 /* BrandModel.swift in Sources */ = {isa = PBXBuildFile; fileRef = 573B9A45290210D900F3B5E9 /* BrandModel.swift */; };
		573B9A482902111500F3B5E9 /* BrandItemView.swift in Sources */ = {isa = PBXBuildFile; fileRef = 573B9A472902111500F3B5E9 /* BrandItemView.swift */; };
		573B9A4A2902118300F3B5E9 /* BrandGridView.swift in Sources */ = {isa = PBXBuildFile; fileRef = 573B9A492902118300F3B5E9 /* BrandGridView.swift */; };
		573B9A4C2902129E00F3B5E9 /* ProductDetailView.swift in Sources */ = {isa = PBXBuildFile; fileRef = 573B9A4B2902129E00F3B5E9 /* ProductDetailView.swift */; };
		573B9A4E2902136300F3B5E9 /* NavigationBarDetailView.swift in Sources */ = {isa = PBXBuildFile; fileRef = 573B9A4D2902136300F3B5E9 /* NavigationBarDetailView.swift */; };
		573B9A502902A5A800F3B5E9 /* HeaderDetailView.swift in Sources */ = {isa = PBXBuildFile; fileRef = 573B9A4F2902A5A800F3B5E9 /* HeaderDetailView.swift */; };
		573B9A522902A6B800F3B5E9 /* TopPartDetailView.swift in Sources */ = {isa = PBXBuildFile; fileRef = 573B9A512902A6B800F3B5E9 /* TopPartDetailView.swift */; };
		573B9A542902AAC200F3B5E9 /* CustomShape.swift in Sources */ = {isa = PBXBuildFile; fileRef = 573B9A532902AAC200F3B5E9 /* CustomShape.swift */; };
		573B9A562902F86200F3B5E9 /* RatingsSizesDetailView.swift in Sources */ = {isa = PBXBuildFile; fileRef = 573B9A552902F86200F3B5E9 /* RatingsSizesDetailView.swift */; };
		573B9A582902FB5200F3B5E9 /* QuantityFavouriteDetailView.swift in Sources */ = {isa = PBXBuildFile; fileRef = 573B9A572902FB5200F3B5E9 /* QuantityFavouriteDetailView.swift */; };
		573B9A5A2902FD6400F3B5E9 /* AddToCartDetailView.swift in Sources */ = {isa = PBXBuildFile; fileRef = 573B9A592902FD6400F3B5E9 /* AddToCartDetailView.swift */; };
		573B9A5C2903007100F3B5E9 /* Shop.swift in Sources */ = {isa = PBXBuildFile; fileRef = 573B9A5B2903007100F3B5E9 /* Shop.swift */; };
/* End PBXBuildFile section */

/* Begin PBXFileReference section */
		573B9A032901F9B000F3B5E9 /* Touchdown.app */ = {isa = PBXFileReference; explicitFileType = wrapper.application; includeInIndex = 0; path = Touchdown.app; sourceTree = BUILT_PRODUCTS_DIR; };
		573B9A062901F9B000F3B5E9 /* TouchdownApp.swift */ = {isa = PBXFileReference; lastKnownFileType = sourcecode.swift; path = TouchdownApp.swift; sourceTree = "<group>"; };
		573B9A082901F9B000F3B5E9 /* ContentView.swift */ = {isa = PBXFileReference; lastKnownFileType = sourcecode.swift; path = ContentView.swift; sourceTree = "<group>"; };
		573B9A0A2901F9B300F3B5E9 /* Assets.xcassets */ = {isa = PBXFileReference; lastKnownFileType = folder.assetcatalog; path = Assets.xcassets; sourceTree = "<group>"; };
		573B9A0D2901F9B300F3B5E9 /* Preview Assets.xcassets */ = {isa = PBXFileReference; lastKnownFileType = folder.assetcatalog; path = "Preview Assets.xcassets"; sourceTree = "<group>"; };
		573B9A142901FA4A00F3B5E9 /* category.json */ = {isa = PBXFileReference; fileEncoding = 4; lastKnownFileType = text.json; path = category.json; sourceTree = "<group>"; };
		573B9A152901FA4A00F3B5E9 /* player.json */ = {isa = PBXFileReference; fileEncoding = 4; lastKnownFileType = text.json; path = player.json; sourceTree = "<group>"; };
		573B9A162901FA4A00F3B5E9 /* brand.json */ = {isa = PBXFileReference; fileEncoding = 4; lastKnownFileType = text.json; path = brand.json; sourceTree = "<group>"; };
		573B9A172901FA4A00F3B5E9 /* product.json */ = {isa = PBXFileReference; fileEncoding = 4; lastKnownFileType = text.json; path = product.json; sourceTree = "<group>"; };
		573B9A1D2901FA9400F3B5E9 /* Info.plist */ = {isa = PBXFileReference; lastKnownFileType = text.plist; path = Info.plist; sourceTree = "<group>"; };
		573B9A252901FB3200F3B5E9 /* Constant.swift */ = {isa = PBXFileReference; lastKnownFileType = sourcecode.swift; path = Constant.swift; sourceTree = "<group>"; };
		573B9A272901FBD300F3B5E9 /* FooterView.swift */ = {isa = PBXFileReference; lastKnownFileType = sourcecode.swift; path = FooterView.swift; sourceTree = "<group>"; };
		573B9A292901FDD900F3B5E9 /* NavigationBarView.swift */ = {isa = PBXFileReference; lastKnownFileType = sourcecode.swift; path = NavigationBarView.swift; sourceTree = "<group>"; };
		573B9A2B2901FF0F00F3B5E9 /* LogoView.swift */ = {isa = PBXFileReference; lastKnownFileType = sourcecode.swift; path = LogoView.swift; sourceTree = "<group>"; };
		573B9A2D2902022A00F3B5E9 /* UIApplication+Extension.swift */ = {isa = PBXFileReference; lastKnownFileType = sourcecode.swift; path = "UIApplication+Extension.swift"; sourceTree = "<group>"; };
		573B9A2F2902047600F3B5E9 /* PlayerModel.swift */ = {isa = PBXFileReference; lastKnownFileType = sourcecode.swift; path = PlayerModel.swift; sourceTree = "<group>"; };
		573B9A31290204AA00F3B5E9 /* CodableBundleExtension.swift */ = {isa = PBXFileReference; lastKnownFileType = sourcecode.swift; path = CodableBundleExtension.swift; sourceTree = "<group>"; };
		573B9A33290205A900F3B5E9 /* FeatureItemView.swift */ = {isa = PBXFileReference; lastKnownFileType = sourcecode.swift; path = FeatureItemView.swift; sourceTree = "<group>"; };
		573B9A352902060600F3B5E9 /* FeatureTabView.swift */ = {isa = PBXFileReference; lastKnownFileType = sourcecode.swift; path = FeatureTabView.swift; sourceTree = "<group>"; };
		573B9A372902091100F3B5E9 /* CategoryModel.swift */ = {isa = PBXFileReference; lastKnownFileType = sourcecode.swift; path = CategoryModel.swift; sourceTree = "<group>"; };
		573B9A39290209D000F3B5E9 /* CategoryItemView.swift */ = {isa = PBXFileReference; lastKnownFileType = sourcecode.swift; path = CategoryItemView.swift; sourceTree = "<group>"; };
		573B9A3B29020B0100F3B5E9 /* CategoryGridView.swift */ = {isa = PBXFileReference; lastKnownFileType = sourcecode.swift; path = CategoryGridView.swift; sourceTree = "<group>"; };
		573B9A3D29020BDE00F3B5E9 /* SectionView.swift */ = {isa = PBXFileReference; lastKnownFileType = sourcecode.swift; path = SectionView.swift; sourceTree = "<group>"; };
		573B9A3F29020D4000F3B5E9 /* TitleView.swift */ = {isa = PBXFileReference; lastKnownFileType = sourcecode.swift; path = TitleView.swift; sourceTree = "<group>"; };
		573B9A4129020E1100F3B5E9 /* ProductModel.swift */ = {isa = PBXFileReference; lastKnownFileType = sourcecode.swift; path = ProductModel.swift; sourceTree = "<group>"; };
		573B9A4329020E7100F3B5E9 /* ProductItemView.swift */ = {isa = PBXFileReference; lastKnownFileType = sourcecode.swift; path = ProductItemView.swift; sourceTree = "<group>"; };
		573B9A45290210D900F3B5E9 /* BrandModel.swift */ = {isa = PBXFileReference; lastKnownFileType = sourcecode.swift; path = BrandModel.swift; sourceTree = "<group>"; };
		573B9A472902111500F3B5E9 /* BrandItemView.swift */ = {isa = PBXFileReference; lastKnownFileType = sourcecode.swift; path = BrandItemView.swift; sourceTree = "<group>"; };
		573B9A492902118300F3B5E9 /* BrandGridView.swift */ = {isa = PBXFileReference; lastKnownFileType = sourcecode.swift; path = BrandGridView.swift; sourceTree = "<group>"; };
		573B9A4B2902129E00F3B5E9 /* ProductDetailView.swift */ = {isa = PBXFileReference; lastKnownFileType = sourcecode.swift; path = ProductDetailView.swift; sourceTree = "<group>"; };
		573B9A4D2902136300F3B5E9 /* NavigationBarDetailView.swift */ = {isa = PBXFileReference; lastKnownFileType = sourcecode.swift; path = NavigationBarDetailView.swift; sourceTree = "<group>"; };
		573B9A4F2902A5A800F3B5E9 /* HeaderDetailView.swift */ = {isa = PBXFileReference; lastKnownFileType = sourcecode.swift; path = HeaderDetailView.swift; sourceTree = "<group>"; };
		573B9A512902A6B800F3B5E9 /* TopPartDetailView.swift */ = {isa = PBXFileReference; lastKnownFileType = sourcecode.swift; path = TopPartDetailView.swift; sourceTree = "<group>"; };
		573B9A532902AAC200F3B5E9 /* CustomShape.swift */ = {isa = PBXFileReference; lastKnownFileType = sourcecode.swift; path = CustomShape.swift; sourceTree = "<group>"; };
		573B9A552902F86200F3B5E9 /* RatingsSizesDetailView.swift */ = {isa = PBXFileReference; lastKnownFileType = sourcecode.swift; path = RatingsSizesDetailView.swift; sourceTree = "<group>"; };
		573B9A572902FB5200F3B5E9 /* QuantityFavouriteDetailView.swift */ = {isa = PBXFileReference; lastKnownFileType = sourcecode.swift; path = QuantityFavouriteDetailView.swift; sourceTree = "<group>"; };
		573B9A592902FD6400F3B5E9 /* AddToCartDetailView.swift */ = {isa = PBXFileReference; lastKnownFileType = sourcecode.swift; path = AddToCartDetailView.swift; sourceTree = "<group>"; };
		573B9A5B2903007100F3B5E9 /* Shop.swift */ = {isa = PBXFileReference; lastKnownFileType = sourcecode.swift; path = Shop.swift; sourceTree = "<group>"; };
/* End PBXFileReference section */

/* Begin PBXFrameworksBuildPhase section */
		573B9A002901F9B000F3B5E9 /* Frameworks */ = {
			isa = PBXFrameworksBuildPhase;
			buildActionMask = 2147483647;
			files = (
			);
			runOnlyForDeploymentPostprocessing = 0;
		};
/* End PBXFrameworksBuildPhase section */

/* Begin PBXGroup section */
		573B99FA2901F9B000F3B5E9 = {
			isa = PBXGroup;
			children = (
				573B9A052901F9B000F3B5E9 /* Touchdown */,
				573B9A042901F9B000F3B5E9 /* Products */,
			);
			sourceTree = "<group>";
		};
		573B9A042901F9B000F3B5E9 /* Products */ = {
			isa = PBXGroup;
			children = (
				573B9A032901F9B000F3B5E9 /* Touchdown.app */,
			);
			name = Products;
			sourceTree = "<group>";
		};
		573B9A052901F9B000F3B5E9 /* Touchdown */ = {
			isa = PBXGroup;
			children = (
				573B9A1E2901FAD300F3B5E9 /* App */,
				573B9A222901FAF100F3B5E9 /* Model */,
				573B9A1F2901FAD900F3B5E9 /* View */,
				573B9A232901FAF700F3B5E9 /* Extension */,
				573B9A242901FB0000F3B5E9 /* Utility */,
				573B9A1C2901FA6100F3B5E9 /* Data */,
				573B9A1D2901FA9400F3B5E9 /* Info.plist */,
				573B9A0A2901F9B300F3B5E9 /* Assets.xcassets */,
				573B9A0C2901F9B300F3B5E9 /* Preview Content */,
			);
			path = Touchdown;
			sourceTree = "<group>";
		};
		573B9A0C2901F9B300F3B5E9 /* Preview Content */ = {
			isa = PBXGroup;
			children = (
				573B9A0D2901F9B300F3B5E9 /* Preview Assets.xcassets */,
			);
			path = "Preview Content";
			sourceTree = "<group>";
		};
		573B9A1C2901FA6100F3B5E9 /* Data */ = {
			isa = PBXGroup;
			children = (
				573B9A162901FA4A00F3B5E9 /* brand.json */,
				573B9A142901FA4A00F3B5E9 /* category.json */,
				573B9A152901FA4A00F3B5E9 /* player.json */,
				573B9A172901FA4A00F3B5E9 /* product.json */,
			);
			path = Data;
			sourceTree = "<group>";
		};
		573B9A1E2901FAD300F3B5E9 /* App */ = {
			isa = PBXGroup;
			children = (
				573B9A062901F9B000F3B5E9 /* TouchdownApp.swift */,
				573B9A082901F9B000F3B5E9 /* ContentView.swift */,
				573B9A4B2902129E00F3B5E9 /* ProductDetailView.swift */,
			);
			path = App;
			sourceTree = "<group>";
		};
		573B9A1F2901FAD900F3B5E9 /* View */ = {
			isa = PBXGroup;
			children = (
				573B9A212901FAE700F3B5E9 /* Detail */,
				573B9A202901FAE400F3B5E9 /* Home */,
			);
			path = View;
			sourceTree = "<group>";
		};
		573B9A202901FAE400F3B5E9 /* Home */ = {
			isa = PBXGroup;
			children = (
				573B9A272901FBD300F3B5E9 /* FooterView.swift */,
				573B9A292901FDD900F3B5E9 /* NavigationBarView.swift */,
				573B9A2B2901FF0F00F3B5E9 /* LogoView.swift */,
				573B9A33290205A900F3B5E9 /* FeatureItemView.swift */,
				573B9A352902060600F3B5E9 /* FeatureTabView.swift */,
				573B9A39290209D000F3B5E9 /* CategoryItemView.swift */,
				573B9A3B29020B0100F3B5E9 /* CategoryGridView.swift */,
				573B9A3D29020BDE00F3B5E9 /* SectionView.swift */,
				573B9A3F29020D4000F3B5E9 /* TitleView.swift */,
				573B9A4329020E7100F3B5E9 /* ProductItemView.swift */,
				573B9A472902111500F3B5E9 /* BrandItemView.swift */,
				573B9A492902118300F3B5E9 /* BrandGridView.swift */,
			);
			path = Home;
			sourceTree = "<group>";
		};
		573B9A212901FAE700F3B5E9 /* Detail */ = {
			isa = PBXGroup;
			children = (
				573B9A4D2902136300F3B5E9 /* NavigationBarDetailView.swift */,
				573B9A4F2902A5A800F3B5E9 /* HeaderDetailView.swift */,
				573B9A512902A6B800F3B5E9 /* TopPartDetailView.swift */,
				573B9A552902F86200F3B5E9 /* RatingsSizesDetailView.swift */,
				573B9A572902FB5200F3B5E9 /* QuantityFavouriteDetailView.swift */,
				573B9A592902FD6400F3B5E9 /* AddToCartDetailView.swift */,
			);
			path = Detail;
			sourceTree = "<group>";
		};
		573B9A222901FAF100F3B5E9 /* Model */ = {
			isa = PBXGroup;
			children = (
				573B9A2F2902047600F3B5E9 /* PlayerModel.swift */,
				573B9A372902091100F3B5E9 /* CategoryModel.swift */,
				573B9A4129020E1100F3B5E9 /* ProductModel.swift */,
				573B9A45290210D900F3B5E9 /* BrandModel.swift */,
			);
			path = Model;
			sourceTree = "<group>";
		};
		573B9A232901FAF700F3B5E9 /* Extension */ = {
			isa = PBXGroup;
			children = (
				573B9A2D2902022A00F3B5E9 /* UIApplication+Extension.swift */,
				573B9A31290204AA00F3B5E9 /* CodableBundleExtension.swift */,
			);
			path = Extension;
			sourceTree = "<group>";
		};
		573B9A242901FB0000F3B5E9 /* Utility */ = {
			isa = PBXGroup;
			children = (
				573B9A252901FB3200F3B5E9 /* Constant.swift */,
				573B9A532902AAC200F3B5E9 /* CustomShape.swift */,
				573B9A5B2903007100F3B5E9 /* Shop.swift */,
			);
			path = Utility;
			sourceTree = "<group>";
		};
/* End PBXGroup section */

/* Begin PBXNativeTarget section */
		573B9A022901F9B000F3B5E9 /* Touchdown */ = {
			isa = PBXNativeTarget;
			buildConfigurationList = 573B9A112901F9B300F3B5E9 /* Build configuration list for PBXNativeTarget "Touchdown" */;
			buildPhases = (
				573B99FF2901F9B000F3B5E9 /* Sources */,
				573B9A002901F9B000F3B5E9 /* Frameworks */,
				573B9A012901F9B000F3B5E9 /* Resources */,
			);
			buildRules = (
			);
			dependencies = (
			);
			name = Touchdown;
			productName = Touchdown;
			productReference = 573B9A032901F9B000F3B5E9 /* Touchdown.app */;
			productType = "com.apple.product-type.application";
		};
/* End PBXNativeTarget section */

/* Begin PBXProject section */
		573B99FB2901F9B000F3B5E9 /* Project object */ = {
			isa = PBXProject;
			attributes = {
				BuildIndependentTargetsInParallel = 1;
				LastSwiftUpdateCheck = 1340;
				LastUpgradeCheck = 1340;
				TargetAttributes = {
					573B9A022901F9B000F3B5E9 = {
						CreatedOnToolsVersion = 13.4;
					};
				};
			};
			buildConfigurationList = 573B99FE2901F9B000F3B5E9 /* Build configuration list for PBXProject "Touchdown" */;
			compatibilityVersion = "Xcode 13.0";
			developmentRegion = en;
			hasScannedForEncodings = 0;
			knownRegions = (
				en,
				Base,
			);
			mainGroup = 573B99FA2901F9B000F3B5E9;
			productRefGroup = 573B9A042901F9B000F3B5E9 /* Products */;
			projectDirPath = "";
			projectRoot = "";
			targets = (
				573B9A022901F9B000F3B5E9 /* Touchdown */,
			);
		};
/* End PBXProject section */

/* Begin PBXResourcesBuildPhase section */
		573B9A012901F9B000F3B5E9 /* Resources */ = {
			isa = PBXResourcesBuildPhase;
			buildActionMask = 2147483647;
			files = (
				573B9A192901FA4A00F3B5E9 /* player.json in Resources */,
				573B9A1A2901FA4A00F3B5E9 /* brand.json in Resources */,
				573B9A182901FA4A00F3B5E9 /* category.json in Resources */,
				573B9A0E2901F9B300F3B5E9 /* Preview Assets.xcassets in Resources */,
				573B9A0B2901F9B300F3B5E9 /* Assets.xcassets in Resources */,
				573B9A1B2901FA4A00F3B5E9 /* product.json in Resources */,
			);
			runOnlyForDeploymentPostprocessing = 0;
		};
/* End PBXResourcesBuildPhase section */

/* Begin PBXSourcesBuildPhase section */
		573B99FF2901F9B000F3B5E9 /* Sources */ = {
			isa = PBXSourcesBuildPhase;
			buildActionMask = 2147483647;
			files = (
				573B9A3C29020B0100F3B5E9 /* CategoryGridView.swift in Sources */,
				573B9A092901F9B000F3B5E9 /* ContentView.swift in Sources */,
				573B9A3E29020BDE00F3B5E9 /* SectionView.swift in Sources */,
				573B9A5C2903007100F3B5E9 /* Shop.swift in Sources */,
				573B9A4229020E1100F3B5E9 /* ProductModel.swift in Sources */,
				573B9A382902091100F3B5E9 /* CategoryModel.swift in Sources */,
				573B9A2C2901FF0F00F3B5E9 /* LogoView.swift in Sources */,
				573B9A582902FB5200F3B5E9 /* QuantityFavouriteDetailView.swift in Sources */,
				573B9A302902047600F3B5E9 /* PlayerModel.swift in Sources */,
				573B9A4A2902118300F3B5E9 /* BrandGridView.swift in Sources */,
				573B9A502902A5A800F3B5E9 /* HeaderDetailView.swift in Sources */,
				573B9A5A2902FD6400F3B5E9 /* AddToCartDetailView.swift in Sources */,
				573B9A522902A6B800F3B5E9 /* TopPartDetailView.swift in Sources */,
				573B9A282901FBD300F3B5E9 /* FooterView.swift in Sources */,
				573B9A4029020D4000F3B5E9 /* TitleView.swift in Sources */,
				573B9A542902AAC200F3B5E9 /* CustomShape.swift in Sources */,
				573B9A4E2902136300F3B5E9 /* NavigationBarDetailView.swift in Sources */,
				573B9A562902F86200F3B5E9 /* RatingsSizesDetailView.swift in Sources */,
				573B9A4429020E7100F3B5E9 /* ProductItemView.swift in Sources */,
				573B9A072901F9B000F3B5E9 /* TouchdownApp.swift in Sources */,
				573B9A262901FB3200F3B5E9 /* Constant.swift in Sources */,
				573B9A4C2902129E00F3B5E9 /* ProductDetailView.swift in Sources */,
				573B9A2A2901FDD900F3B5E9 /* NavigationBarView.swift in Sources */,
				573B9A2E2902022A00F3B5E9 /* UIApplication+Extension.swift in Sources */,
				573B9A34290205A900F3B5E9 /* FeatureItemView.swift in Sources */,
				573B9A482902111500F3B5E9 /* BrandItemView.swift in Sources */,
				573B9A3A290209D000F3B5E9 /* CategoryItemView.swift in Sources */,
				573B9A32290204AA00F3B5E9 /* CodableBundleExtension.swift in Sources */,
				573B9A362902060600F3B5E9 /* FeatureTabView.swift in Sources */,
				573B9A46290210D900F3B5E9 /* BrandModel.swift in Sources */,
			);
			runOnlyForDeploymentPostprocessing = 0;
		};
/* End PBXSourcesBuildPhase section */

/* Begin XCBuildConfiguration section */
		573B9A0F2901F9B300F3B5E9 /* Debug */ = {
			isa = XCBuildConfiguration;
			buildSettings = {
				ALWAYS_SEARCH_USER_PATHS = NO;
				CLANG_ANALYZER_NONNULL = YES;
				CLANG_ANALYZER_NUMBER_OBJECT_CONVERSION = YES_AGGRESSIVE;
				CLANG_CXX_LANGUAGE_STANDARD = "gnu++17";
				CLANG_ENABLE_MODULES = YES;
				CLANG_ENABLE_OBJC_ARC = YES;
				CLANG_ENABLE_OBJC_WEAK = YES;
				CLANG_WARN_BLOCK_CAPTURE_AUTORELEASING = YES;
				CLANG_WARN_BOOL_CONVERSION = YES;
				CLANG_WARN_COMMA = YES;
				CLANG_WARN_CONSTANT_CONVERSION = YES;
				CLANG_WARN_DEPRECATED_OBJC_IMPLEMENTATIONS = YES;
				CLANG_WARN_DIRECT_OBJC_ISA_USAGE = YES_ERROR;
				CLANG_WARN_DOCUMENTATION_COMMENTS = YES;
				CLANG_WARN_EMPTY_BODY = YES;
				CLANG_WARN_ENUM_CONVERSION = YES;
				CLANG_WARN_INFINITE_RECURSION = YES;
				CLANG_WARN_INT_CONVERSION = YES;
				CLANG_WARN_NON_LITERAL_NULL_CONVERSION = YES;
				CLANG_WARN_OBJC_IMPLICIT_RETAIN_SELF = YES;
				CLANG_WARN_OBJC_LITERAL_CONVERSION = YES;
				CLANG_WARN_OBJC_ROOT_CLASS = YES_ERROR;
				CLANG_WARN_QUOTED_INCLUDE_IN_FRAMEWORK_HEADER = YES;
				CLANG_WARN_RANGE_LOOP_ANALYSIS = YES;
				CLANG_WARN_STRICT_PROTOTYPES = YES;
				CLANG_WARN_SUSPICIOUS_MOVE = YES;
				CLANG_WARN_UNGUARDED_AVAILABILITY = YES_AGGRESSIVE;
				CLANG_WARN_UNREACHABLE_CODE = YES;
				CLANG_WARN__DUPLICATE_METHOD_MATCH = YES;
				COPY_PHASE_STRIP = NO;
				DEBUG_INFORMATION_FORMAT = dwarf;
				ENABLE_STRICT_OBJC_MSGSEND = YES;
				ENABLE_TESTABILITY = YES;
				GCC_C_LANGUAGE_STANDARD = gnu11;
				GCC_DYNAMIC_NO_PIC = NO;
				GCC_NO_COMMON_BLOCKS = YES;
				GCC_OPTIMIZATION_LEVEL = 0;
				GCC_PREPROCESSOR_DEFINITIONS = (
					"DEBUG=1",
					"$(inherited)",
				);
				GCC_WARN_64_TO_32_BIT_CONVERSION = YES;
				GCC_WARN_ABOUT_RETURN_TYPE = YES_ERROR;
				GCC_WARN_UNDECLARED_SELECTOR = YES;
				GCC_WARN_UNINITIALIZED_AUTOS = YES_AGGRESSIVE;
				GCC_WARN_UNUSED_FUNCTION = YES;
				GCC_WARN_UNUSED_VARIABLE = YES;
				IPHONEOS_DEPLOYMENT_TARGET = 15.5;
				MTL_ENABLE_DEBUG_INFO = INCLUDE_SOURCE;
				MTL_FAST_MATH = YES;
				ONLY_ACTIVE_ARCH = YES;
				SDKROOT = iphoneos;
				SWIFT_ACTIVE_COMPILATION_CONDITIONS = DEBUG;
				SWIFT_OPTIMIZATION_LEVEL = "-Onone";
			};
			name = Debug;
		};
		573B9A102901F9B300F3B5E9 /* Release */ = {
			isa = XCBuildConfiguration;
			buildSettings = {
				ALWAYS_SEARCH_USER_PATHS = NO;
				CLANG_ANALYZER_NONNULL = YES;
				CLANG_ANALYZER_NUMBER_OBJECT_CONVERSION = YES_AGGRESSIVE;
				CLANG_CXX_LANGUAGE_STANDARD = "gnu++17";
				CLANG_ENABLE_MODULES = YES;
				CLANG_ENABLE_OBJC_ARC = YES;
				CLANG_ENABLE_OBJC_WEAK = YES;
				CLANG_WARN_BLOCK_CAPTURE_AUTORELEASING = YES;
				CLANG_WARN_BOOL_CONVERSION = YES;
				CLANG_WARN_COMMA = YES;
				CLANG_WARN_CONSTANT_CONVERSION = YES;
				CLANG_WARN_DEPRECATED_OBJC_IMPLEMENTATIONS = YES;
				CLANG_WARN_DIRECT_OBJC_ISA_USAGE = YES_ERROR;
				CLANG_WARN_DOCUMENTATION_COMMENTS = YES;
				CLANG_WARN_EMPTY_BODY = YES;
				CLANG_WARN_ENUM_CONVERSION = YES;
				CLANG_WARN_INFINITE_RECURSION = YES;
				CLANG_WARN_INT_CONVERSION = YES;
				CLANG_WARN_NON_LITERAL_NULL_CONVERSION = YES;
				CLANG_WARN_OBJC_IMPLICIT_RETAIN_SELF = YES;
				CLANG_WARN_OBJC_LITERAL_CONVERSION = YES;
				CLANG_WARN_OBJC_ROOT_CLASS = YES_ERROR;
				CLANG_WARN_QUOTED_INCLUDE_IN_FRAMEWORK_HEADER = YES;
				CLANG_WARN_RANGE_LOOP_ANALYSIS = YES;
				CLANG_WARN_STRICT_PROTOTYPES = YES;
				CLANG_WARN_SUSPICIOUS_MOVE = YES;
				CLANG_WARN_UNGUARDED_AVAILABILITY = YES_AGGRESSIVE;
				CLANG_WARN_UNREACHABLE_CODE = YES;
				CLANG_WARN__DUPLICATE_METHOD_MATCH = YES;
				COPY_PHASE_STRIP = NO;
				DEBUG_INFORMATION_FORMAT = "dwarf-with-dsym";
				ENABLE_NS_ASSERTIONS = NO;
				ENABLE_STRICT_OBJC_MSGSEND = YES;
				GCC_C_LANGUAGE_STANDARD = gnu11;
				GCC_NO_COMMON_BLOCKS = YES;
				GCC_WARN_64_TO_32_BIT_CONVERSION = YES;
				GCC_WARN_ABOUT_RETURN_TYPE = YES_ERROR;
				GCC_WARN_UNDECLARED_SELECTOR = YES;
				GCC_WARN_UNINITIALIZED_AUTOS = YES_AGGRESSIVE;
				GCC_WARN_UNUSED_FUNCTION = YES;
				GCC_WARN_UNUSED_VARIABLE = YES;
				IPHONEOS_DEPLOYMENT_TARGET = 15.5;
				MTL_ENABLE_DEBUG_INFO = NO;
				MTL_FAST_MATH = YES;
				SDKROOT = iphoneos;
				SWIFT_COMPILATION_MODE = wholemodule;
				SWIFT_OPTIMIZATION_LEVEL = "-O";
				VALIDATE_PRODUCT = YES;
			};
			name = Release;
		};
		573B9A122901F9B300F3B5E9 /* Debug */ = {
			isa = XCBuildConfiguration;
			buildSettings = {
				ASSETCATALOG_COMPILER_APPICON_NAME = AppIcon;
				ASSETCATALOG_COMPILER_GLOBAL_ACCENT_COLOR_NAME = AccentColor;
				CODE_SIGN_STYLE = Automatic;
				CURRENT_PROJECT_VERSION = 1;
				DEVELOPMENT_ASSET_PATHS = "\"Touchdown/Preview Content\"";
				DEVELOPMENT_TEAM = DMF923GY8Z;
				ENABLE_PREVIEWS = YES;
				GENERATE_INFOPLIST_FILE = YES;
				INFOPLIST_FILE = Touchdown/Info.plist;
				INFOPLIST_KEY_UIApplicationSceneManifest_Generation = YES;
				INFOPLIST_KEY_UIApplicationSupportsIndirectInputEvents = YES;
				INFOPLIST_KEY_UISupportedInterfaceOrientations_iPad = "UIInterfaceOrientationPortrait UIInterfaceOrientationPortraitUpsideDown UIInterfaceOrientationLandscapeLeft UIInterfaceOrientationLandscapeRight";
				INFOPLIST_KEY_UISupportedInterfaceOrientations_iPhone = "UIInterfaceOrientationPortrait UIInterfaceOrientationLandscapeLeft UIInterfaceOrientationLandscapeRight";
				INFOPLIST_KEY_UIUserInterfaceStyle = Light;
				LD_RUNPATH_SEARCH_PATHS = (
					"$(inherited)",
					"@executable_path/Frameworks",
				);
				MARKETING_VERSION = 1.0;
				PRODUCT_BUNDLE_IDENTIFIER = branco.marygimm.Touchdown;
				PRODUCT_NAME = "$(TARGET_NAME)";
				SWIFT_EMIT_LOC_STRINGS = YES;
				SWIFT_VERSION = 5.0;
				TARGETED_DEVICE_FAMILY = "1,2";
			};
			name = Debug;
		};
		573B9A132901F9B300F3B5E9 /* Release */ = {
			isa = XCBuildConfiguration;
			buildSettings = {
				ASSETCATALOG_COMPILER_APPICON_NAME = AppIcon;
				ASSETCATALOG_COMPILER_GLOBAL_ACCENT_COLOR_NAME = AccentColor;
				CODE_SIGN_STYLE = Automatic;
				CURRENT_PROJECT_VERSION = 1;
				DEVELOPMENT_ASSET_PATHS = "\"Touchdown/Preview Content\"";
				DEVELOPMENT_TEAM = DMF923GY8Z;
				ENABLE_PREVIEWS = YES;
				GENERATE_INFOPLIST_FILE = YES;
				INFOPLIST_FILE = Touchdown/Info.plist;
				INFOPLIST_KEY_UIApplicationSceneManifest_Generation = YES;
				INFOPLIST_KEY_UIApplicationSupportsIndirectInputEvents = YES;
				INFOPLIST_KEY_UISupportedInterfaceOrientations_iPad = "UIInterfaceOrientationPortrait UIInterfaceOrientationPortraitUpsideDown UIInterfaceOrientationLandscapeLeft UIInterfaceOrientationLandscapeRight";
				INFOPLIST_KEY_UISupportedInterfaceOrientations_iPhone = "UIInterfaceOrientationPortrait UIInterfaceOrientationLandscapeLeft UIInterfaceOrientationLandscapeRight";
				INFOPLIST_KEY_UIUserInterfaceStyle = Light;
				LD_RUNPATH_SEARCH_PATHS = (
					"$(inherited)",
					"@executable_path/Frameworks",
				);
				MARKETING_VERSION = 1.0;
				PRODUCT_BUNDLE_IDENTIFIER = branco.marygimm.Touchdown;
				PRODUCT_NAME = "$(TARGET_NAME)";
				SWIFT_EMIT_LOC_STRINGS = YES;
				SWIFT_VERSION = 5.0;
				TARGETED_DEVICE_FAMILY = "1,2";
			};
			name = Release;
		};
/* End XCBuildConfiguration section */

/* Begin XCConfigurationList section */
		573B99FE2901F9B000F3B5E9 /* Build configuration list for PBXProject "Touchdown" */ = {
			isa = XCConfigurationList;
			buildConfigurations = (
				573B9A0F2901F9B300F3B5E9 /* Debug */,
				573B9A102901F9B300F3B5E9 /* Release */,
			);
			defaultConfigurationIsVisible = 0;
			defaultConfigurationName = Release;
		};
		573B9A112901F9B300F3B5E9 /* Build configuration list for PBXNativeTarget "Touchdown" */ = {
			isa = XCConfigurationList;
			buildConfigurations = (
				573B9A122901F9B300F3B5E9 /* Debug */,
				573B9A132901F9B300F3B5E9 /* Release */,
			);
			defaultConfigurationIsVisible = 0;
			defaultConfigurationName = Release;
		};
/* End XCConfigurationList section */
	};
	rootObject = 573B99FB2901F9B000F3B5E9 /* Project object */;
}
